// !$*UTF8*$!
{
	archiveVersion = 1;
	classes = {
	};
	objectVersion = 46;
	objects = {

/* Begin PBXBuildFile section */
		859A2B801E5A9A9D00D94045 /* main.m in Sources */ = {isa = PBXBuildFile; fileRef = 859A2B7F1E5A9A9D00D94045 /* main.m */; };
		859A2B831E5A9A9D00D94045 /* AppDelegate.m in Sources */ = {isa = PBXBuildFile; fileRef = 859A2B821E5A9A9D00D94045 /* AppDelegate.m */; };
		859A2B861E5A9A9D00D94045 /* ViewController.m in Sources */ = {isa = PBXBuildFile; fileRef = 859A2B851E5A9A9D00D94045 /* ViewController.m */; };
		859A2B891E5A9A9D00D94045 /* Main.storyboard in Resources */ = {isa = PBXBuildFile; fileRef = 859A2B871E5A9A9D00D94045 /* Main.storyboard */; };
		859A2B8B1E5A9A9E00D94045 /* Assets.xcassets in Resources */ = {isa = PBXBuildFile; fileRef = 859A2B8A1E5A9A9E00D94045 /* Assets.xcassets */; };
		859A2B8E1E5A9A9E00D94045 /* LaunchScreen.storyboard in Resources */ = {isa = PBXBuildFile; fileRef = 859A2B8C1E5A9A9E00D94045 /* LaunchScreen.storyboard */; };
		859A2B9D1E5ABAB900D94045 /* TablePickerView.m in Sources */ = {isa = PBXBuildFile; fileRef = 859A2B9C1E5ABAB900D94045 /* TablePickerView.m */; };
		859A2BA21E5ABCD500D94045 /* TablePickerViewModel.m in Sources */ = {isa = PBXBuildFile; fileRef = 859A2BA11E5ABCD500D94045 /* TablePickerViewModel.m */; };
		859A2BA51E5ABD6C00D94045 /* TablePickerModel.m in Sources */ = {isa = PBXBuildFile; fileRef = 859A2BA41E5ABD6C00D94045 /* TablePickerModel.m */; };
		859A2BA81E5ABD9600D94045 /* TablePickerViewCell.m in Sources */ = {isa = PBXBuildFile; fileRef = 859A2BA71E5ABD9600D94045 /* TablePickerViewCell.m */; };
		859A2BAA1E5AC4F800D94045 /* address.plist in Resources */ = {isa = PBXBuildFile; fileRef = 859A2BA91E5AC4F800D94045 /* address.plist */; };
/* End PBXBuildFile section */

/* Begin PBXFileReference section */
		859A2B7B1E5A9A9D00D94045 /* Demo.app */ = {isa = PBXFileReference; explicitFileType = wrapper.application; includeInIndex = 0; path = Demo.app; sourceTree = BUILT_PRODUCTS_DIR; };
		859A2B7F1E5A9A9D00D94045 /* main.m */ = {isa = PBXFileReference; lastKnownFileType = sourcecode.c.objc; path = main.m; sourceTree = "<group>"; };
		859A2B811E5A9A9D00D94045 /* AppDelegate.h */ = {isa = PBXFileReference; lastKnownFileType = sourcecode.c.h; path = AppDelegate.h; sourceTree = "<group>"; };
		859A2B821E5A9A9D00D94045 /* AppDelegate.m */ = {isa = PBXFileReference; lastKnownFileType = sourcecode.c.objc; path = AppDelegate.m; sourceTree = "<group>"; };
		859A2B841E5A9A9D00D94045 /* ViewController.h */ = {isa = PBXFileReference; lastKnownFileType = sourcecode.c.h; path = ViewController.h; sourceTree = "<group>"; };
		859A2B851E5A9A9D00D94045 /* ViewController.m */ = {isa = PBXFileReference; lastKnownFileType = sourcecode.c.objc; path = ViewController.m; sourceTree = "<group>"; };
		859A2B881E5A9A9D00D94045 /* Base */ = {isa = PBXFileReference; lastKnownFileType = file.storyboard; name = Base; path = Base.lproj/Main.storyboard; sourceTree = "<group>"; };
		859A2B8A1E5A9A9E00D94045 /* Assets.xcassets */ = {isa = PBXFileReference; lastKnownFileType = folder.assetcatalog; path = Assets.xcassets; sourceTree = "<group>"; };
		859A2B8D1E5A9A9E00D94045 /* Base */ = {isa = PBXFileReference; lastKnownFileType = file.storyboard; name = Base; path = Base.lproj/LaunchScreen.storyboard; sourceTree = "<group>"; };
		859A2B8F1E5A9A9E00D94045 /* Info.plist */ = {isa = PBXFileReference; lastKnownFileType = text.plist.xml; path = Info.plist; sourceTree = "<group>"; };
		859A2B9B1E5ABAB900D94045 /* TablePickerView.h */ = {isa = PBXFileReference; fileEncoding = 4; lastKnownFileType = sourcecode.c.h; path = TablePickerView.h; sourceTree = "<group>"; };
		859A2B9C1E5ABAB900D94045 /* TablePickerView.m */ = {isa = PBXFileReference; fileEncoding = 4; lastKnownFileType = sourcecode.c.objc; path = TablePickerView.m; sourceTree = "<group>"; };
		859A2B9E1E5ABAF600D94045 /* TablePickerViewDataSource.h */ = {isa = PBXFileReference; fileEncoding = 4; lastKnownFileType = sourcecode.c.h; path = TablePickerViewDataSource.h; sourceTree = "<group>"; };
		859A2B9F1E5ABB0600D94045 /* TablePickerViewDelegate.h */ = {isa = PBXFileReference; fileEncoding = 4; lastKnownFileType = sourcecode.c.h; path = TablePickerViewDelegate.h; sourceTree = "<group>"; };
		859A2BA01E5ABCD500D94045 /* TablePickerViewModel.h */ = {isa = PBXFileReference; fileEncoding = 4; lastKnownFileType = sourcecode.c.h; path = TablePickerViewModel.h; sourceTree = "<group>"; };
		859A2BA11E5ABCD500D94045 /* TablePickerViewModel.m */ = {isa = PBXFileReference; fileEncoding = 4; lastKnownFileType = sourcecode.c.objc; path = TablePickerViewModel.m; sourceTree = "<group>"; };
		859A2BA31E5ABD6C00D94045 /* TablePickerModel.h */ = {isa = PBXFileReference; fileEncoding = 4; lastKnownFileType = sourcecode.c.h; path = TablePickerModel.h; sourceTree = "<group>"; };
		859A2BA41E5ABD6C00D94045 /* TablePickerModel.m */ = {isa = PBXFileReference; fileEncoding = 4; lastKnownFileType = sourcecode.c.objc; path = TablePickerModel.m; sourceTree = "<group>"; };
		859A2BA61E5ABD9600D94045 /* TablePickerViewCell.h */ = {isa = PBXFileReference; fileEncoding = 4; lastKnownFileType = sourcecode.c.h; path = TablePickerViewCell.h; sourceTree = "<group>"; };
		859A2BA71E5ABD9600D94045 /* TablePickerViewCell.m */ = {isa = PBXFileReference; fileEncoding = 4; lastKnownFileType = sourcecode.c.objc; path = TablePickerViewCell.m; sourceTree = "<group>"; };
		859A2BA91E5AC4F800D94045 /* address.plist */ = {isa = PBXFileReference; fileEncoding = 4; lastKnownFileType = text.plist.xml; path = address.plist; sourceTree = "<group>"; };
/* End PBXFileReference section */

/* Begin PBXFrameworksBuildPhase section */
		859A2B781E5A9A9D00D94045 /* Frameworks */ = {
			isa = PBXFrameworksBuildPhase;
			buildActionMask = 2147483647;
			files = (
			);
			runOnlyForDeploymentPostprocessing = 0;
		};
/* End PBXFrameworksBuildPhase section */

/* Begin PBXGroup section */
		859A2B721E5A9A9D00D94045 = {
			isa = PBXGroup;
			children = (
				859A2B7D1E5A9A9D00D94045 /* Demo */,
				859A2B7C1E5A9A9D00D94045 /* Products */,
			);
			sourceTree = "<group>";
		};
		859A2B7C1E5A9A9D00D94045 /* Products */ = {
			isa = PBXGroup;
			children = (
				859A2B7B1E5A9A9D00D94045 /* Demo.app */,
			);
			name = Products;
			sourceTree = "<group>";
		};
		859A2B7D1E5A9A9D00D94045 /* Demo */ = {
			isa = PBXGroup;
			children = (
				859A2BA91E5AC4F800D94045 /* address.plist */,
				859A2B971E5AB9FC00D94045 /* TablePickerView */,
				859A2B811E5A9A9D00D94045 /* AppDelegate.h */,
				859A2B821E5A9A9D00D94045 /* AppDelegate.m */,
				859A2B841E5A9A9D00D94045 /* ViewController.h */,
				859A2B851E5A9A9D00D94045 /* ViewController.m */,
				859A2B871E5A9A9D00D94045 /* Main.storyboard */,
				859A2B8A1E5A9A9E00D94045 /* Assets.xcassets */,
				859A2B8C1E5A9A9E00D94045 /* LaunchScreen.storyboard */,
				859A2B8F1E5A9A9E00D94045 /* Info.plist */,
				859A2B7E1E5A9A9D00D94045 /* Supporting Files */,
			);
			path = Demo;
			sourceTree = "<group>";
		};
		859A2B7E1E5A9A9D00D94045 /* Supporting Files */ = {
			isa = PBXGroup;
			children = (
				859A2B7F1E5A9A9D00D94045 /* main.m */,
			);
			name = "Supporting Files";
			sourceTree = "<group>";
		};
		859A2B971E5AB9FC00D94045 /* TablePickerView */ = {
			isa = PBXGroup;
			children = (
				859A2B9B1E5ABAB900D94045 /* TablePickerView.h */,
				859A2B9C1E5ABAB900D94045 /* TablePickerView.m */,
				859A2B9E1E5ABAF600D94045 /* TablePickerViewDataSource.h */,
				859A2B9F1E5ABB0600D94045 /* TablePickerViewDelegate.h */,
				859A2B9A1E5ABA4E00D94045 /* ViewModel */,
				859A2B991E5ABA3800D94045 /* Model */,
				859A2B981E5ABA2700D94045 /* View */,
			);
			path = TablePickerView;
			sourceTree = "<group>";
		};
		859A2B981E5ABA2700D94045 /* View */ = {
			isa = PBXGroup;
			children = (
				859A2BA61E5ABD9600D94045 /* TablePickerViewCell.h */,
				859A2BA71E5ABD9600D94045 /* TablePickerViewCell.m */,
			);
			path = View;
			sourceTree = "<group>";
		};
		859A2B991E5ABA3800D94045 /* Model */ = {
			isa = PBXGroup;
			children = (
				859A2BA31E5ABD6C00D94045 /* TablePickerModel.h */,
				859A2BA41E5ABD6C00D94045 /* TablePickerModel.m */,
			);
			path = Model;
			sourceTree = "<group>";
		};
		859A2B9A1E5ABA4E00D94045 /* ViewModel */ = {
			isa = PBXGroup;
			children = (
				859A2BA01E5ABCD500D94045 /* TablePickerViewModel.h */,
				859A2BA11E5ABCD500D94045 /* TablePickerViewModel.m */,
			);
			path = ViewModel;
			sourceTree = "<group>";
		};
/* End PBXGroup section */

/* Begin PBXNativeTarget section */
		859A2B7A1E5A9A9D00D94045 /* Demo */ = {
			isa = PBXNativeTarget;
			buildConfigurationList = 859A2B921E5A9A9E00D94045 /* Build configuration list for PBXNativeTarget "Demo" */;
			buildPhases = (
				859A2B771E5A9A9D00D94045 /* Sources */,
				859A2B781E5A9A9D00D94045 /* Frameworks */,
				859A2B791E5A9A9D00D94045 /* Resources */,
			);
			buildRules = (
			);
			dependencies = (
			);
			name = Demo;
			productName = Demo;
			productReference = 859A2B7B1E5A9A9D00D94045 /* Demo.app */;
			productType = "com.apple.product-type.application";
		};
/* End PBXNativeTarget section */

/* Begin PBXProject section */
		859A2B731E5A9A9D00D94045 /* Project object */ = {
			isa = PBXProject;
			attributes = {
				LastUpgradeCheck = 0730;
				ORGANIZATIONNAME = "Mr Zhang";
				TargetAttributes = {
					859A2B7A1E5A9A9D00D94045 = {
						CreatedOnToolsVersion = 7.3.1;
						DevelopmentTeam = QX8P7Y36MT;
					};
				};
			};
			buildConfigurationList = 859A2B761E5A9A9D00D94045 /* Build configuration list for PBXProject "Demo" */;
			compatibilityVersion = "Xcode 3.2";
			developmentRegion = English;
			hasScannedForEncodings = 0;
			knownRegions = (
				en,
				Base,
			);
			mainGroup = 859A2B721E5A9A9D00D94045;
			productRefGroup = 859A2B7C1E5A9A9D00D94045 /* Products */;
			projectDirPath = "";
			projectRoot = "";
			targets = (
				859A2B7A1E5A9A9D00D94045 /* Demo */,
			);
		};
/* End PBXProject section */

/* Begin PBXResourcesBuildPhase section */
		859A2B791E5A9A9D00D94045 /* Resources */ = {
			isa = PBXResourcesBuildPhase;
			buildActionMask = 2147483647;
			files = (
				859A2B8E1E5A9A9E00D94045 /* LaunchScreen.storyboard in Resources */,
				859A2BAA1E5AC4F800D94045 /* address.plist in Resources */,
				859A2B8B1E5A9A9E00D94045 /* Assets.xcassets in Resources */,
				859A2B891E5A9A9D00D94045 /* Main.storyboard in Resources */,
			);
			runOnlyForDeploymentPostprocessing = 0;
		};
/* End PBXResourcesBuildPhase section */

/* Begin PBXSourcesBuildPhase section */
		859A2B771E5A9A9D00D94045 /* Sources */ = {
			isa = PBXSourcesBuildPhase;
			buildActionMask = 2147483647;
			files = (
				859A2B861E5A9A9D00D94045 /* ViewController.m in Sources */,
				859A2BA21E5ABCD500D94045 /* TablePickerViewModel.m in Sources */,
				859A2BA51E5ABD6C00D94045 /* TablePickerModel.m in Sources */,
				859A2B9D1E5ABAB900D94045 /* TablePickerView.m in Sources */,
				859A2B831E5A9A9D00D94045 /* AppDelegate.m in Sources */,
				859A2B801E5A9A9D00D94045 /* main.m in Sources */,
				859A2BA81E5ABD9600D94045 /* TablePickerViewCell.m in Sources */,
			);
			runOnlyForDeploymentPostprocessing = 0;
		};
/* End PBXSourcesBuildPhase section */

/* Begin PBXVariantGroup section */
		859A2B871E5A9A9D00D94045 /* Main.storyboard */ = {
			isa = PBXVariantGroup;
			children = (
				859A2B881E5A9A9D00D94045 /* Base */,
			);
			name = Main.storyboard;
			sourceTree = "<group>";
		};
		859A2B8C1E5A9A9E00D94045 /* LaunchScreen.storyboard */ = {
			isa = PBXVariantGroup;
			children = (
				859A2B8D1E5A9A9E00D94045 /* Base */,
			);
			name = LaunchScreen.storyboard;
			sourceTree = "<group>";
		};
/* End PBXVariantGroup section */

/* Begin XCBuildConfiguration section */
		859A2B901E5A9A9E00D94045 /* Debug */ = {
			isa = XCBuildConfiguration;
			buildSettings = {
				ALWAYS_SEARCH_USER_PATHS = NO;
				CLANG_ANALYZER_NONNULL = YES;
				CLANG_CXX_LANGUAGE_STANDARD = "gnu++0x";
				CLANG_CXX_LIBRARY = "libc++";
				CLANG_ENABLE_MODULES = YES;
				CLANG_ENABLE_OBJC_ARC = YES;
				CLANG_WARN_BOOL_CONVERSION = YES;
				CLANG_WARN_CONSTANT_CONVERSION = YES;
				CLANG_WARN_DIRECT_OBJC_ISA_USAGE = YES_ERROR;
				CLANG_WARN_EMPTY_BODY = YES;
				CLANG_WARN_ENUM_CONVERSION = YES;
				CLANG_WARN_INT_CONVERSION = YES;
				CLANG_WARN_OBJC_ROOT_CLASS = YES_ERROR;
				CLANG_WARN_UNREACHABLE_CODE = YES;
				CLANG_WARN__DUPLICATE_METHOD_MATCH = YES;
				"CODE_SIGN_IDENTITY[sdk=iphoneos*]" = "iPhone Developer";
				COPY_PHASE_STRIP = NO;
				DEBUG_INFORMATION_FORMAT = dwarf;
				ENABLE_STRICT_OBJC_MSGSEND = YES;
				ENABLE_TESTABILITY = YES;
				GCC_C_LANGUAGE_STANDARD = gnu99;
				GCC_DYNAMIC_NO_PIC = NO;
				GCC_NO_COMMON_BLOCKS = YES;
				GCC_OPTIMIZATION_LEVEL = 0;
				GCC_PREPROCESSOR_DEFINITIONS = (
					"DEBUG=1",
					"$(inherited)",
				);
				GCC_WARN_64_TO_32_BIT_CONVERSION = YES;
				GCC_WARN_ABOUT_RETURN_TYPE = YES_ERROR;
				GCC_WARN_UNDECLARED_SELECTOR = YES;
				GCC_WARN_UNINITIALIZED_AUTOS = YES_AGGRESSIVE;
				GCC_WARN_UNUSED_FUNCTION = YES;
				GCC_WARN_UNUSED_VARIABLE = YES;
				IPHONEOS_DEPLOYMENT_TARGET = 9.3;
				MTL_ENABLE_DEBUG_INFO = YES;
				ONLY_ACTIVE_ARCH = YES;
				SDKROOT = iphoneos;
			};
			name = Debug;
		};
		859A2B911E5A9A9E00D94045 /* Release */ = {
			isa = XCBuildConfiguration;
			buildSettings = {
				ALWAYS_SEARCH_USER_PATHS = NO;
				CLANG_ANALYZER_NONNULL = YES;
				CLANG_CXX_LANGUAGE_STANDARD = "gnu++0x";
				CLANG_CXX_LIBRARY = "libc++";
				CLANG_ENABLE_MODULES = YES;
				CLANG_ENABLE_OBJC_ARC = YES;
				CLANG_WARN_BOOL_CONVERSION = YES;
				CLANG_WARN_CONSTANT_CONVERSION = YES;
				CLANG_WARN_DIRECT_OBJC_ISA_USAGE = YES_ERROR;
				CLANG_WARN_EMPTY_BODY = YES;
				CLANG_WARN_ENUM_CONVERSION = YES;
				CLANG_WARN_INT_CONVERSION = YES;
				CLANG_WARN_OBJC_ROOT_CLASS = YES_ERROR;
				CLANG_WARN_UNREACHABLE_CODE = YES;
				CLANG_WARN__DUPLICATE_METHOD_MATCH = YES;
				"CODE_SIGN_IDENTITY[sdk=iphoneos*]" = "iPhone Developer";
				COPY_PHASE_STRIP = NO;
				DEBUG_INFORMATION_FORMAT = "dwarf-with-dsym";
				ENABLE_NS_ASSERTIONS = NO;
				ENABLE_STRICT_OBJC_MSGSEND = YES;
				GCC_C_LANGUAGE_STANDARD = gnu99;
				GCC_NO_COMMON_BLOCKS = YES;
				GCC_WARN_64_TO_32_BIT_CONVERSION = YES;
				GCC_WARN_ABOUT_RETURN_TYPE = YES_ERROR;
				GCC_WARN_UNDECLARED_SELECTOR = YES;
				GCC_WARN_UNINITIALIZED_AUTOS = YES_AGGRESSIVE;
				GCC_WARN_UNUSED_FUNCTION = YES;
				GCC_WARN_UNUSED_VARIABLE = YES;
				IPHONEOS_DEPLOYMENT_TARGET = 9.3;
				MTL_ENABLE_DEBUG_INFO = NO;
				SDKROOT = iphoneos;
				VALIDATE_PRODUCT = YES;
			};
			name = Release;
		};
		859A2B931E5A9A9E00D94045 /* Debug */ = {
			isa = XCBuildConfiguration;
			buildSettings = {
				ASSETCATALOG_COMPILER_APPICON_NAME = AppIcon;
				DEVELOPMENT_TEAM = QX8P7Y36MT;
				INFOPLIST_FILE = Demo/Info.plist;
				LD_RUNPATH_SEARCH_PATHS = "$(inherited) @executable_path/Frameworks";
				PRODUCT_BUNDLE_IDENTIFIER = com.dyrt.Demo;
				PRODUCT_NAME = "$(TARGET_NAME)";
			};
			name = Debug;
		};
		859A2B941E5A9A9E00D94045 /* Release */ = {
			isa = XCBuildConfiguration;
			buildSettings = {
				ASSETCATALOG_COMPILER_APPICON_NAME = AppIcon;
				DEVELOPMENT_TEAM = QX8P7Y36MT;
				INFOPLIST_FILE = Demo/Info.plist;
				LD_RUNPATH_SEARCH_PATHS = "$(inherited) @executable_path/Frameworks";
				PRODUCT_BUNDLE_IDENTIFIER = com.dyrt.Demo;
				PRODUCT_NAME = "$(TARGET_NAME)";
			};
			name = Release;
		};
/* End XCBuildConfiguration section */

/* Begin XCConfigurationList section */
		859A2B761E5A9A9D00D94045 /* Build configuration list for PBXProject "Demo" */ = {
			isa = XCConfigurationList;
			buildConfigurations = (
				859A2B901E5A9A9E00D94045 /* Debug */,
				859A2B911E5A9A9E00D94045 /* Release */,
			);
			defaultConfigurationIsVisible = 0;
			defaultConfigurationName = Release;
		};
		859A2B921E5A9A9E00D94045 /* Build configuration list for PBXNativeTarget "Demo" */ = {
			isa = XCConfigurationList;
			buildConfigurations = (
				859A2B931E5A9A9E00D94045 /* Debug */,
				859A2B941E5A9A9E00D94045 /* Release */,
			);
			defaultConfigurationIsVisible = 0;
			defaultConfigurationName = Release;
		};
/* End XCConfigurationList section */
	};
	rootObject = 859A2B731E5A9A9D00D94045 /* Project object */;
}
